<?xml version="1.0" encoding="utf-8"?>
<Project ToolsVersion="4.0" xmlns="http://schemas.microsoft.com/developer/msbuild/2003">
  <ItemGroup>
    <Filter Include="Source Files">
      <UniqueIdentifier>{4FC737F1-C7A5-4376-A066-2A32D752A2FF}</UniqueIdentifier>
      <Extensions>cpp;c;cc;cxx;c++;def;odl;idl;hpj;bat;asm;asmx</Extensions>
    </Filter>
    <Filter Include="Header Files">
      <UniqueIdentifier>{93995380-89BD-4b04-88EB-625FBE52EBFB}</UniqueIdentifier>
      <Extensions>h;hh;hpp;hxx;h++;hm;inl;inc;ipp;xsd</Extensions>
    </Filter>
    <Filter Include="Resource Files">
      <UniqueIdentifier>{67DA6AB6-F800-4c08-8B7A-83BB121AAD01}</UniqueIdentifier>
      <Extensions>rc;ico;cur;bmp;dlg;rc2;rct;bin;rgs;gif;jpg;jpeg;jpe;resx;tiff;tif;png;wav;mfcribbon-ms</Extensions>
    </Filter>
  </ItemGroup>
  <ItemGroup>
    <ClCompile Include="src\actionList.cpp">
      <Filter>Source Files</Filter>
    </ClCompile>
    <ClCompile Include="src\autoPlayer.cpp">
      <Filter>Source Files</Filter>
    </ClCompile>
    <ClCompile Include="src\chess.cpp">
      <Filter>Source Files</Filter>
    </ClCompile>
    <ClCompile Include="src\chessBoard.cpp">
      <Filter>Source Files</Filter>
    </ClCompile>
    <ClCompile Include="src\chessPlayer.cpp">
      <Filter>Source Files</Filter>
    </ClCompile>
    <ClCompile Include="src\gameState.cpp">
      <Filter>Source Files</Filter>
    </ClCompile>
    <ClCompile Include="src\humanPlayer.cpp">
      <Filter>Source Files</Filter>
    </ClCompile>
    <ClCompile Include="src\UI.cpp">
      <Filter>Source Files</Filter>
    </ClCompile>
    <ClCompile Include="main.cpp">
      <Filter>Source Files</Filter>
    </ClCompile>
    <ClCompile Include="src\HellsBishops.cpp">
      <Filter>Source Files</Filter>
    </ClCompile>
  </ItemGroup>
  <ItemGroup>
    <None Include="Chess.cbp" />
    <None Include="Chess.depend" />
    <None Include="Chess.layout" />
    <None Include="Debug\vc142.idb" />
    <None Include="Debug\vc142.pdb" />
  </ItemGroup>
  <ItemGroup>
    <ClInclude Include="include\actionList.h">
      <Filter>Header Files</Filter>
    </ClInclude>
    <ClInclude Include="include\autoPlayer.h">
      <Filter>Header Files</Filter>
    </ClInclude>
    <ClInclude Include="include\chess.h">
      <Filter>Header Files</Filter>
    </ClInclude>
    <ClInclude Include="include\chessBoard.h">
      <Filter>Header Files</Filter>
    </ClInclude>
    <ClInclude Include="include\chessPlayer.h">
      <Filter>Header Files</Filter>
    </ClInclude>
    <ClInclude Include="include\ENUM.h">
      <Filter>Header Files</Filter>
    </ClInclude>
    <ClInclude Include="include\gameState.h">
      <Filter>Header Files</Filter>
    </ClInclude>
    <ClInclude Include="include\humanPlayer.h">
      <Filter>Header Files</Filter>
    </ClInclude>
    <ClInclude Include="include\UI.h">
      <Filter>Header Files</Filter>
    </ClInclude>
    <ClInclude Include="include\HellsBishops.h">
      <Filter>Header Files</Filter>
    </ClInclude>
  </ItemGroup>
  <ItemGroup>
    <Object Include="Debug\actionList.obj" />
    <Object Include="Debug\autoPlayer.obj" />
    <Object Include="Debug\chess.obj" />
    <Object Include="Debug\chessBoard.obj" />
    <Object Include="Debug\chessPlayer.obj" />
    <Object Include="Debug\gameState.obj" />
    <Object Include="Debug\humanPlayer.obj" />
    <Object Include="Debug\main.obj" />
    <Object Include="Debug\UI.obj" />
  </ItemGroup>
  <ItemGroup>
    <Text Include="Debug\ChessVS.log" />
  </ItemGroup>
</Project>